
Microsoft Visual Studio Solution File, Format Version 12.00
# Visual Studio 2013
VisualStudioVersion = 12.0.31101.0
MinimumVisualStudioVersion = 10.0.40219.1
Project("{FAE04EC0-301F-11D3-BF4B-00C04F79EFBC}") = "WordpressAutomation", "WordpressAutomation\WordpressAutomation.csproj", "{81C847C0-E6EA-402C-A026-2CB478DE0FBC}"
EndProject
Project("{FAE04EC0-301F-11D3-BF4B-00C04F79EFBC}") = "WordpressTests", "WordpressTests\WordpressTests.csproj", "{55D628DE-0F85-4174-B6CB-46E9AD363367}"
EndProject
Global
	GlobalSection(SolutionConfigurationPlatforms) = preSolution
		Debug|Any CPU = Debug|Any CPU
		Release|Any CPU = Release|Any CPU
	EndGlobalSection
	GlobalSection(ProjectConfigurationPlatforms) = postSolution
		{81C847C0-E6EA-402C-A026-2CB478DE0FBC}.Debug|Any CPU.ActiveCfg = Debug|Any CPU
		{81C847C0-E6EA-402C-A026-2CB478DE0FBC}.Debug|Any CPU.Build.0 = Debug|Any CPU
		{81C847C0-E6EA-402C-A026-2CB478DE0FBC}.Release|Any CPU.ActiveCfg = Release|Any CPU
		{81C847C0-E6EA-402C-A026-2CB478DE0FBC}.Release|Any CPU.Build.0 = Release|Any CPU
		{55D628DE-0F85-4174-B6CB-46E9AD363367}.Debug|Any CPU.ActiveCfg = Debug|Any CPU
		{55D628DE-0F85-4174-B6CB-46E9AD363367}.Debug|Any CPU.Build.0 = Debug|Any CPU
		{55D628DE-0F85-4174-B6CB-46E9AD363367}.Release|Any CPU.ActiveCfg = Release|Any CPU
		{55D628DE-0F85-4174-B6CB-46E9AD363367}.Release|Any CPU.Build.0 = Release|Any CPU
	EndGlobalSection
	GlobalSection(SolutionProperties) = preSolution
		HideSolutionNode = FALSE
	EndGlobalSection
EndGlobal
